Microsoft Visual Studio Solution File, Format Version 11.00
# Visual Studio 2008

Project("{C31A092D-744A-49EE-377D-1C24C3EFA3B2}") = "PagodaDefense", "Assembly-CSharp.csproj", "{3F9BB1C1-322B-D357-7A22-4186683DF59D}"
EndProject
Global
	GlobalSection(SolutionConfigurationPlatforms) = preSolution
		Debug|Any CPU = Debug|Any CPU
		Release|Any CPU = Release|Any CPU
	EndGlobalSection
	GlobalSection(ProjectConfigurationPlatforms) = postSolution
		{3F9BB1C1-322B-D357-7A22-4186683DF59D}.Debug|Any CPU.ActiveCfg = Debug|Any CPU
		{3F9BB1C1-322B-D357-7A22-4186683DF59D}.Debug|Any CPU.Build.0 = Debug|Any CPU
		{3F9BB1C1-322B-D357-7A22-4186683DF59D}.Release|Any CPU.ActiveCfg = Release|Any CPU
		{3F9BB1C1-322B-D357-7A22-4186683DF59D}.Release|Any CPU.Build.0 = Release|Any CPU
	EndGlobalSection
	GlobalSection(SolutionProperties) = preSolution
		HideSolutionNode = FALSE
	EndGlobalSection
	GlobalSection(MonoDevelopProperties) = preSolution
		StartupItem = Assembly-CSharp.csproj
	EndGlobalSection
EndGlobal
